
Microsoft Visual Studio Solution File, Format Version 11.00
# Visual Studio 2010
Project("{FAE04EC0-301F-11D3-BF4B-00C04F79EFBC}") = "WindowsFormsApplication276", "WindowsFormsApplication276\WindowsFormsApplication276.csproj", "{027265A6-C4D8-4139-88E3-91656192F881}"
EndProject
Project("{FAE04EC0-301F-11D3-BF4B-00C04F79EFBC}") = "PluginBase", "PluginBase\PluginBase.csproj", "{752DE10B-BF7E-4AAD-B9CA-1A210A7C8BAB}"
EndProject
Project("{FAE04EC0-301F-11D3-BF4B-00C04F79EFBC}") = "Plugin", "Plugin\Plugin.csproj", "{85A3194C-447D-4F21-B53E-0B77BD0FC85F}"
EndProject
Global
	GlobalSection(SolutionConfigurationPlatforms) = preSolution
		Debug|Any CPU = Debug|Any CPU
		Debug|Mixed Platforms = Debug|Mixed Platforms
		Debug|x86 = Debug|x86
		Release|Any CPU = Release|Any CPU
		Release|Mixed Platforms = Release|Mixed Platforms
		Release|x86 = Release|x86
	EndGlobalSection
	GlobalSection(ProjectConfigurationPlatforms) = postSolution
		{027265A6-C4D8-4139-88E3-91656192F881}.Debug|Any CPU.ActiveCfg = Debug|x86
		{027265A6-C4D8-4139-88E3-91656192F881}.Debug|Mixed Platforms.ActiveCfg = Debug|x86
		{027265A6-C4D8-4139-88E3-91656192F881}.Debug|Mixed Platforms.Build.0 = Debug|x86
		{027265A6-C4D8-4139-88E3-91656192F881}.Debug|x86.ActiveCfg = Debug|x86
		{027265A6-C4D8-4139-88E3-91656192F881}.Debug|x86.Build.0 = Debug|x86
		{027265A6-C4D8-4139-88E3-91656192F881}.Release|Any CPU.ActiveCfg = Release|x86
		{027265A6-C4D8-4139-88E3-91656192F881}.Release|Mixed Platforms.ActiveCfg = Release|x86
		{027265A6-C4D8-4139-88E3-91656192F881}.Release|Mixed Platforms.Build.0 = Release|x86
		{027265A6-C4D8-4139-88E3-91656192F881}.Release|x86.ActiveCfg = Release|x86
		{027265A6-C4D8-4139-88E3-91656192F881}.Release|x86.Build.0 = Release|x86
		{752DE10B-BF7E-4AAD-B9CA-1A210A7C8BAB}.Debug|Any CPU.ActiveCfg = Debug|Any CPU
		{752DE10B-BF7E-4AAD-B9CA-1A210A7C8BAB}.Debug|Any CPU.Build.0 = Debug|Any CPU
		{752DE10B-BF7E-4AAD-B9CA-1A210A7C8BAB}.Debug|Mixed Platforms.ActiveCfg = Debug|Any CPU
		{752DE10B-BF7E-4AAD-B9CA-1A210A7C8BAB}.Debug|Mixed Platforms.Build.0 = Debug|Any CPU
		{752DE10B-BF7E-4AAD-B9CA-1A210A7C8BAB}.Debug|x86.ActiveCfg = Debug|Any CPU
		{752DE10B-BF7E-4AAD-B9CA-1A210A7C8BAB}.Release|Any CPU.ActiveCfg = Release|Any CPU
		{752DE10B-BF7E-4AAD-B9CA-1A210A7C8BAB}.Release|Any CPU.Build.0 = Release|Any CPU
		{752DE10B-BF7E-4AAD-B9CA-1A210A7C8BAB}.Release|Mixed Platforms.ActiveCfg = Release|Any CPU
		{752DE10B-BF7E-4AAD-B9CA-1A210A7C8BAB}.Release|Mixed Platforms.Build.0 = Release|Any CPU
		{752DE10B-BF7E-4AAD-B9CA-1A210A7C8BAB}.Release|x86.ActiveCfg = Release|Any CPU
		{85A3194C-447D-4F21-B53E-0B77BD0FC85F}.Debug|Any CPU.ActiveCfg = Debug|Any CPU
		{85A3194C-447D-4F21-B53E-0B77BD0FC85F}.Debug|Any CPU.Build.0 = Debug|Any CPU
		{85A3194C-447D-4F21-B53E-0B77BD0FC85F}.Debug|Mixed Platforms.ActiveCfg = Debug|Any CPU
		{85A3194C-447D-4F21-B53E-0B77BD0FC85F}.Debug|Mixed Platforms.Build.0 = Debug|Any CPU
		{85A3194C-447D-4F21-B53E-0B77BD0FC85F}.Debug|x86.ActiveCfg = Debug|Any CPU
		{85A3194C-447D-4F21-B53E-0B77BD0FC85F}.Release|Any CPU.ActiveCfg = Release|Any CPU
		{85A3194C-447D-4F21-B53E-0B77BD0FC85F}.Release|Any CPU.Build.0 = Release|Any CPU
		{85A3194C-447D-4F21-B53E-0B77BD0FC85F}.Release|Mixed Platforms.ActiveCfg = Release|Any CPU
		{85A3194C-447D-4F21-B53E-0B77BD0FC85F}.Release|Mixed Platforms.Build.0 = Release|Any CPU
		{85A3194C-447D-4F21-B53E-0B77BD0FC85F}.Release|x86.ActiveCfg = Release|Any CPU
	EndGlobalSection
	GlobalSection(SolutionProperties) = preSolution
		HideSolutionNode = FALSE
	EndGlobalSection
EndGlobal
